
Microsoft Visual Studio Solution File, Format Version 12.00
# Visual Studio 15
VisualStudioVersion = 15.0.28307.1267
MinimumVisualStudioVersion = 10.0.40219.1
Project("{FAE04EC0-301F-11D3-BF4B-00C04F79EFBC}") = "AI project", "AI project\AI project.csproj", "{E4F98901-E1AD-4C0F-9CEC-9180ADAF12D9}"
EndProject
Global
	GlobalSection(SolutionConfigurationPlatforms) = preSolution
		Debug|Any CPU = Debug|Any CPU
		Release|Any CPU = Release|Any CPU
	EndGlobalSection
	GlobalSection(ProjectConfigurationPlatforms) = postSolution
		{E4F98901-E1AD-4C0F-9CEC-9180ADAF12D9}.Debug|Any CPU.ActiveCfg = Debug|Any CPU
		{E4F98901-E1AD-4C0F-9CEC-9180ADAF12D9}.Debug|Any CPU.Build.0 = Debug|Any CPU
		{E4F98901-E1AD-4C0F-9CEC-9180ADAF12D9}.Release|Any CPU.ActiveCfg = Release|Any CPU
		{E4F98901-E1AD-4C0F-9CEC-9180ADAF12D9}.Release|Any CPU.Build.0 = Release|Any CPU
	EndGlobalSection
	GlobalSection(SolutionProperties) = preSolution
		HideSolutionNode = FALSE
	EndGlobalSection
	GlobalSection(ExtensibilityGlobals) = postSolution
		SolutionGuid = {D8F1EA44-DC0B-4B25-A18B-27C37961DB4E}
	EndGlobalSection
EndGlobal
